
Microsoft Visual Studio Solution File, Format Version 12.00
# Visual Studio Version 17
VisualStudioVersion = 17.3.32922.545
MinimumVisualStudioVersion = 10.0.40219.1
Project("{FAE04EC0-301F-11D3-BF4B-00C04F79EFBC}") = "Cshp Light Switch", "Cshp Light Switch\Cshp Light Switch.csproj", "{F0FB6CFF-4500-42AC-A5A8-4442EFE549C5}"
EndProject
Global
	GlobalSection(SolutionConfigurationPlatforms) = preSolution
		Debug|Any CPU = Debug|Any CPU
		Release|Any CPU = Release|Any CPU
	EndGlobalSection
	GlobalSection(ProjectConfigurationPlatforms) = postSolution
		{F0FB6CFF-4500-42AC-A5A8-4442EFE549C5}.Debug|Any CPU.ActiveCfg = Debug|Any CPU
		{F0FB6CFF-4500-42AC-A5A8-4442EFE549C5}.Debug|Any CPU.Build.0 = Debug|Any CPU
		{F0FB6CFF-4500-42AC-A5A8-4442EFE549C5}.Release|Any CPU.ActiveCfg = Release|Any CPU
		{F0FB6CFF-4500-42AC-A5A8-4442EFE549C5}.Release|Any CPU.Build.0 = Release|Any CPU
	EndGlobalSection
	GlobalSection(SolutionProperties) = preSolution
		HideSolutionNode = FALSE
	EndGlobalSection
	GlobalSection(ExtensibilityGlobals) = postSolution
		SolutionGuid = {2C98CCF9-33EC-467F-9989-8B2990EFEC13}
	EndGlobalSection
EndGlobal
